{
  "object": {
    "pins": [
      {
        "package": "SwiftyKeychainKit",
        "repositoryURL": "https://github.com/andriyslyusar/SwiftyKeychainKit.git",
        "state": {
          "branch": null,
          "revision": "4d07ad0b2ec3c43df5ef762d59af22e47b9d1bd2",
          "version": "1.0.0-beta.2"
        }
      }
    ]
  },
  "version": 1
}
