{
  "object": {
    "pins": [
      {
        "package": "SwiftyKeychainKit",
        "repositoryURL": "https://github.com/andriyslyusar/SwiftyKeychainKit.git",
        "state": {
          "branch": "master",
          "revision": "f00fe9b9888a30426ffffb776aeb7e68b5c605ee",
          "version": null
        }
      }
    ]
  },
  "version": 1
}
