// !$*UTF8*$!
{
	archiveVersion = 1;
	classes = {
	};
	objectVersion = 46;
	objects = {

/* Begin PBXBuildFile section */
		05275B81234CFAC600620FF9 /* Keychain+CustomType.swift in Sources */ = {isa = PBXBuildFile; fileRef = 05275B80234CFAC600620FF9 /* Keychain+CustomType.swift */; };
		0547CDA22348B77900729CA1 /* Keychain+Float.swift in Sources */ = {isa = PBXBuildFile; fileRef = 0547CDA12348B77900729CA1 /* Keychain+Float.swift */; };
		055848D123105F4600FE1AD8 /* KeychainSerializable.swift in Sources */ = {isa = PBXBuildFile; fileRef = 055848D023105F4600FE1AD8 /* KeychainSerializable.swift */; };
		055848D32310633900FE1AD8 /* KeychainBridge.swift in Sources */ = {isa = PBXBuildFile; fileRef = 055848D22310633900FE1AD8 /* KeychainBridge.swift */; };
		055848D523106B0400FE1AD8 /* Keychain.swift in Sources */ = {isa = PBXBuildFile; fileRef = 055848D423106B0400FE1AD8 /* Keychain.swift */; };
		055848F923130E9F00FE1AD8 /* KeychainError.swift in Sources */ = {isa = PBXBuildFile; fileRef = 055848F823130E9F00FE1AD8 /* KeychainError.swift */; };
		057B6606234133870092312D /* KeychainSpec.swift in Sources */ = {isa = PBXBuildFile; fileRef = 057B6605234133870092312D /* KeychainSpec.swift */; };
		057B6609234270020092312D /* Attribute+Equatable.swift in Sources */ = {isa = PBXBuildFile; fileRef = 057B6608234270020092312D /* Attribute+Equatable.swift */; };
		057B660B234270390092312D /* Constants.swift in Sources */ = {isa = PBXBuildFile; fileRef = 057B660A234270390092312D /* Constants.swift */; };
		057F4D94233FCEDD00B05E4E /* Keychain+String.swift in Sources */ = {isa = PBXBuildFile; fileRef = 057F4D91233FCE5400B05E4E /* Keychain+String.swift */; };
		057F4D96233FD00800B05E4E /* SerializableSpec.swift in Sources */ = {isa = PBXBuildFile; fileRef = 057F4D95233FD00800B05E4E /* SerializableSpec.swift */; };
		057F4D9A233FDEF300B05E4E /* Quick.framework in Frameworks */ = {isa = PBXBuildFile; fileRef = 057F4D99233FDEF300B05E4E /* Quick.framework */; };
		057F4D9C233FDEF600B05E4E /* Nimble.framework in Frameworks */ = {isa = PBXBuildFile; fileRef = 057F4D9B233FDEF600B05E4E /* Nimble.framework */; };
		057F4DA223411A9300B05E4E /* Keychain+Int.swift in Sources */ = {isa = PBXBuildFile; fileRef = 057F4DA123411A9300B05E4E /* Keychain+Int.swift */; };
		057F4DA423411B3C00B05E4E /* Keychain+Double.swift in Sources */ = {isa = PBXBuildFile; fileRef = 057F4DA323411B3C00B05E4E /* Keychain+Double.swift */; };
		057F4DA623411C1800B05E4E /* Keychain+Bool.swift in Sources */ = {isa = PBXBuildFile; fileRef = 057F4DA523411C1800B05E4E /* Keychain+Bool.swift */; };
		057F4DA823411CDF00B05E4E /* Keychain+Data.swift in Sources */ = {isa = PBXBuildFile; fileRef = 057F4DA723411CDF00B05E4E /* Keychain+Data.swift */; };
		057F4DAA2341202C00B05E4E /* Keychain+Codable.swift in Sources */ = {isa = PBXBuildFile; fileRef = 057F4DA92341202C00B05E4E /* Keychain+Codable.swift */; };
		057F4DAC23412B3800B05E4E /* Keychain+Archivable.swift in Sources */ = {isa = PBXBuildFile; fileRef = 057F4DAB23412B3800B05E4E /* Keychain+Archivable.swift */; };
		05DB40F8232D2E6500ED3C31 /* AttributeTests.swift in Sources */ = {isa = PBXBuildFile; fileRef = 05DB40F7232D2E6500ED3C31 /* AttributeTests.swift */; };
		05DB40FA232D491200ED3C31 /* KeychainEnumsSpec.swift in Sources */ = {isa = PBXBuildFile; fileRef = 05DB40F9232D491200ED3C31 /* KeychainEnumsSpec.swift */; };
		05DB4102232E5C9A00ED3C31 /* KeychainErrorTests.swift in Sources */ = {isa = PBXBuildFile; fileRef = 05DB4101232E5C9A00ED3C31 /* KeychainErrorTests.swift */; };
		05DB410823300A0800ED3C31 /* Assets.xcassets in Resources */ = {isa = PBXBuildFile; fileRef = 05DB410523300A0800ED3C31 /* Assets.xcassets */; };
		05DB410923300A0800ED3C31 /* AppDelegate.swift in Sources */ = {isa = PBXBuildFile; fileRef = 05DB410623300A0800ED3C31 /* AppDelegate.swift */; };
		05F90F9A2323DAD600E53A8B /* KeychainTests.swift in Sources */ = {isa = PBXBuildFile; fileRef = 05F90F992323DAD600E53A8B /* KeychainTests.swift */; };
/* End PBXBuildFile section */

/* Begin PBXContainerItemProxy section */
		059D47C923219E9A000328C9 /* PBXContainerItemProxy */ = {
			isa = PBXContainerItemProxy;
			containerPortal = OBJ_1 /* Project object */;
			proxyType = 1;
			remoteGlobalIDString = 059D47B523219E39000328C9;
			remoteInfo = TestsHost;
		};
/* End PBXContainerItemProxy section */

/* Begin PBXFileReference section */
		05275B80234CFAC600620FF9 /* Keychain+CustomType.swift */ = {isa = PBXFileReference; lastKnownFileType = sourcecode.swift; path = "Keychain+CustomType.swift"; sourceTree = "<group>"; };
		0547CDA12348B77900729CA1 /* Keychain+Float.swift */ = {isa = PBXFileReference; lastKnownFileType = sourcecode.swift; path = "Keychain+Float.swift"; sourceTree = "<group>"; };
		055848D023105F4600FE1AD8 /* KeychainSerializable.swift */ = {isa = PBXFileReference; lastKnownFileType = sourcecode.swift; path = KeychainSerializable.swift; sourceTree = "<group>"; };
		055848D22310633900FE1AD8 /* KeychainBridge.swift */ = {isa = PBXFileReference; lastKnownFileType = sourcecode.swift; path = KeychainBridge.swift; sourceTree = "<group>"; };
		055848D423106B0400FE1AD8 /* Keychain.swift */ = {isa = PBXFileReference; lastKnownFileType = sourcecode.swift; path = Keychain.swift; sourceTree = "<group>"; };
		055848F823130E9F00FE1AD8 /* KeychainError.swift */ = {isa = PBXFileReference; lastKnownFileType = sourcecode.swift; path = KeychainError.swift; sourceTree = "<group>"; };
		057B6605234133870092312D /* KeychainSpec.swift */ = {isa = PBXFileReference; lastKnownFileType = sourcecode.swift; path = KeychainSpec.swift; sourceTree = "<group>"; };
		057B6608234270020092312D /* Attribute+Equatable.swift */ = {isa = PBXFileReference; lastKnownFileType = sourcecode.swift; path = "Attribute+Equatable.swift"; sourceTree = "<group>"; };
		057B660A234270390092312D /* Constants.swift */ = {isa = PBXFileReference; lastKnownFileType = sourcecode.swift; path = Constants.swift; sourceTree = "<group>"; };
		057F4D91233FCE5400B05E4E /* Keychain+String.swift */ = {isa = PBXFileReference; lastKnownFileType = sourcecode.swift; path = "Keychain+String.swift"; sourceTree = "<group>"; };
		057F4D95233FD00800B05E4E /* SerializableSpec.swift */ = {isa = PBXFileReference; lastKnownFileType = sourcecode.swift; path = SerializableSpec.swift; sourceTree = "<group>"; };
		057F4D99233FDEF300B05E4E /* Quick.framework */ = {isa = PBXFileReference; lastKnownFileType = wrapper.framework; name = Quick.framework; path = Carthage/Build/iOS/Quick.framework; sourceTree = "<group>"; };
		057F4D9B233FDEF600B05E4E /* Nimble.framework */ = {isa = PBXFileReference; lastKnownFileType = wrapper.framework; name = Nimble.framework; path = Carthage/Build/iOS/Nimble.framework; sourceTree = "<group>"; };
		057F4DA123411A9300B05E4E /* Keychain+Int.swift */ = {isa = PBXFileReference; lastKnownFileType = sourcecode.swift; path = "Keychain+Int.swift"; sourceTree = "<group>"; };
		057F4DA323411B3C00B05E4E /* Keychain+Double.swift */ = {isa = PBXFileReference; lastKnownFileType = sourcecode.swift; path = "Keychain+Double.swift"; sourceTree = "<group>"; };
		057F4DA523411C1800B05E4E /* Keychain+Bool.swift */ = {isa = PBXFileReference; lastKnownFileType = sourcecode.swift; path = "Keychain+Bool.swift"; sourceTree = "<group>"; };
		057F4DA723411CDF00B05E4E /* Keychain+Data.swift */ = {isa = PBXFileReference; lastKnownFileType = sourcecode.swift; path = "Keychain+Data.swift"; sourceTree = "<group>"; };
		057F4DA92341202C00B05E4E /* Keychain+Codable.swift */ = {isa = PBXFileReference; lastKnownFileType = sourcecode.swift; path = "Keychain+Codable.swift"; sourceTree = "<group>"; };
		057F4DAB23412B3800B05E4E /* Keychain+Archivable.swift */ = {isa = PBXFileReference; lastKnownFileType = sourcecode.swift; path = "Keychain+Archivable.swift"; sourceTree = "<group>"; };
		059D47A823219D4D000328C9 /* SwiftyKeychainKitTests.xctest */ = {isa = PBXFileReference; explicitFileType = wrapper.cfbundle; includeInIndex = 0; path = SwiftyKeychainKitTests.xctest; sourceTree = BUILT_PRODUCTS_DIR; };
		059D47AC23219D4D000328C9 /* Info.plist */ = {isa = PBXFileReference; lastKnownFileType = text.plist.xml; path = Info.plist; sourceTree = "<group>"; };
		059D47B623219E39000328C9 /* SwiftyKeychainKitTestsHost.app */ = {isa = PBXFileReference; explicitFileType = wrapper.application; includeInIndex = 0; path = SwiftyKeychainKitTestsHost.app; sourceTree = BUILT_PRODUCTS_DIR; };
		05DB40F7232D2E6500ED3C31 /* AttributeTests.swift */ = {isa = PBXFileReference; lastKnownFileType = sourcecode.swift; path = AttributeTests.swift; sourceTree = "<group>"; };
		05DB40F9232D491200ED3C31 /* KeychainEnumsSpec.swift */ = {isa = PBXFileReference; lastKnownFileType = sourcecode.swift; path = KeychainEnumsSpec.swift; sourceTree = "<group>"; };
		05DB4101232E5C9A00ED3C31 /* KeychainErrorTests.swift */ = {isa = PBXFileReference; lastKnownFileType = sourcecode.swift; path = KeychainErrorTests.swift; sourceTree = "<group>"; };
		05DB410423300A0800ED3C31 /* TestsHost.entitlements */ = {isa = PBXFileReference; fileEncoding = 4; lastKnownFileType = text.plist.entitlements; path = TestsHost.entitlements; sourceTree = "<group>"; };
		05DB410523300A0800ED3C31 /* Assets.xcassets */ = {isa = PBXFileReference; lastKnownFileType = folder.assetcatalog; path = Assets.xcassets; sourceTree = "<group>"; };
		05DB410623300A0800ED3C31 /* AppDelegate.swift */ = {isa = PBXFileReference; fileEncoding = 4; lastKnownFileType = sourcecode.swift; path = AppDelegate.swift; sourceTree = "<group>"; };
		05DB410723300A0800ED3C31 /* Info.plist */ = {isa = PBXFileReference; fileEncoding = 4; lastKnownFileType = text.plist.xml; path = Info.plist; sourceTree = "<group>"; };
		05F90F992323DAD600E53A8B /* KeychainTests.swift */ = {isa = PBXFileReference; indentWidth = 4; lastKnownFileType = sourcecode.swift; path = KeychainTests.swift; sourceTree = "<group>"; tabWidth = 4; };
		OBJ_6 /* Package.swift */ = {isa = PBXFileReference; explicitFileType = sourcecode.swift; path = Package.swift; sourceTree = "<group>"; };
		"SwiftyKeychain::SwiftyKeychain::Product" /* SwiftyKeychainKit.framework */ = {isa = PBXFileReference; explicitFileType = wrapper.framework; path = SwiftyKeychainKit.framework; sourceTree = BUILT_PRODUCTS_DIR; };
/* End PBXFileReference section */

/* Begin PBXFrameworksBuildPhase section */
		059D47A523219D4D000328C9 /* Frameworks */ = {
			isa = PBXFrameworksBuildPhase;
			buildActionMask = 2147483647;
			files = (
				057F4D9A233FDEF300B05E4E /* Quick.framework in Frameworks */,
				057F4D9C233FDEF600B05E4E /* Nimble.framework in Frameworks */,
			);
			runOnlyForDeploymentPostprocessing = 0;
		};
		059D47B323219E39000328C9 /* Frameworks */ = {
			isa = PBXFrameworksBuildPhase;
			buildActionMask = 2147483647;
			files = (
			);
			runOnlyForDeploymentPostprocessing = 0;
		};
		OBJ_22 /* Frameworks */ = {
			isa = PBXFrameworksBuildPhase;
			buildActionMask = 0;
			files = (
			);
			runOnlyForDeploymentPostprocessing = 0;
		};
/* End PBXFrameworksBuildPhase section */

/* Begin PBXGroup section */
		053D28C423300CAF0052175C /* Supporting Files */ = {
			isa = PBXGroup;
			children = (
				059D47AC23219D4D000328C9 /* Info.plist */,
			);
			path = "Supporting Files";
			sourceTree = "<group>";
		};
		0547CDC82349ED3E00729CA1 /* Sources */ = {
			isa = PBXGroup;
			children = (
				057B660723426FE90092312D /* Helpers */,
				057F4D90233FCE1F00B05E4E /* SerializableTypes */,
				057F4D95233FD00800B05E4E /* SerializableSpec.swift */,
				05F90F992323DAD600E53A8B /* KeychainTests.swift */,
				05DB40F7232D2E6500ED3C31 /* AttributeTests.swift */,
				05DB40F9232D491200ED3C31 /* KeychainEnumsSpec.swift */,
				05DB4101232E5C9A00ED3C31 /* KeychainErrorTests.swift */,
				057B6605234133870092312D /* KeychainSpec.swift */,
			);
			path = Sources;
			sourceTree = "<group>";
		};
		057B660723426FE90092312D /* Helpers */ = {
			isa = PBXGroup;
			children = (
				057B6608234270020092312D /* Attribute+Equatable.swift */,
				057B660A234270390092312D /* Constants.swift */,
			);
			path = Helpers;
			sourceTree = "<group>";
		};
		057F4D90233FCE1F00B05E4E /* SerializableTypes */ = {
			isa = PBXGroup;
			children = (
				057F4D91233FCE5400B05E4E /* Keychain+String.swift */,
				057F4DA123411A9300B05E4E /* Keychain+Int.swift */,
				057F4DA323411B3C00B05E4E /* Keychain+Double.swift */,
				057F4DA523411C1800B05E4E /* Keychain+Bool.swift */,
				057F4DA723411CDF00B05E4E /* Keychain+Data.swift */,
				057F4DAB23412B3800B05E4E /* Keychain+Archivable.swift */,
				0547CDA12348B77900729CA1 /* Keychain+Float.swift */,
				057F4DA92341202C00B05E4E /* Keychain+Codable.swift */,
				05275B80234CFAC600620FF9 /* Keychain+CustomType.swift */,
			);
			path = SerializableTypes;
			sourceTree = "<group>";
		};
		057F4D98233FDEF300B05E4E /* Frameworks */ = {
			isa = PBXGroup;
			children = (
				057F4D9B233FDEF600B05E4E /* Nimble.framework */,
				057F4D99233FDEF300B05E4E /* Quick.framework */,
			);
			name = Frameworks;
			sourceTree = "<group>";
		};
		059D47A923219D4D000328C9 /* Tests */ = {
			isa = PBXGroup;
			children = (
				053D28C423300CAF0052175C /* Supporting Files */,
				0547CDC82349ED3E00729CA1 /* Sources */,
				05DB410323300A0800ED3C31 /* TestsHost */,
			);
			path = Tests;
			sourceTree = "<group>";
		};
		05DB410323300A0800ED3C31 /* TestsHost */ = {
			isa = PBXGroup;
			children = (
				05DB410423300A0800ED3C31 /* TestsHost.entitlements */,
				05DB410523300A0800ED3C31 /* Assets.xcassets */,
				05DB410623300A0800ED3C31 /* AppDelegate.swift */,
				05DB410723300A0800ED3C31 /* Info.plist */,
			);
			path = TestsHost;
			sourceTree = "<group>";
		};
		OBJ_13 /* Products */ = {
			isa = PBXGroup;
			children = (
				"SwiftyKeychain::SwiftyKeychain::Product" /* SwiftyKeychainKit.framework */,
				059D47A823219D4D000328C9 /* SwiftyKeychainKitTests.xctest */,
				059D47B623219E39000328C9 /* SwiftyKeychainKitTestsHost.app */,
			);
			name = Products;
			sourceTree = BUILT_PRODUCTS_DIR;
		};
		OBJ_5 = {
			isa = PBXGroup;
			children = (
				OBJ_6 /* Package.swift */,
				OBJ_7 /* Sources */,
				059D47A923219D4D000328C9 /* Tests */,
				OBJ_13 /* Products */,
				057F4D98233FDEF300B05E4E /* Frameworks */,
			);
			indentWidth = 4;
			sourceTree = "<group>";
			tabWidth = 4;
		};
		OBJ_7 /* Sources */ = {
			isa = PBXGroup;
			children = (
				055848D423106B0400FE1AD8 /* Keychain.swift */,
				055848D023105F4600FE1AD8 /* KeychainSerializable.swift */,
				055848D22310633900FE1AD8 /* KeychainBridge.swift */,
				055848F823130E9F00FE1AD8 /* KeychainError.swift */,
			);
			path = Sources;
			sourceTree = SOURCE_ROOT;
		};
/* End PBXGroup section */

/* Begin PBXNativeTarget section */
		059D47A723219D4D000328C9 /* SwiftyKeychainKitTests */ = {
			isa = PBXNativeTarget;
			buildConfigurationList = 059D47AD23219D4D000328C9 /* Build configuration list for PBXNativeTarget "SwiftyKeychainKitTests" */;
			buildPhases = (
				059D47A423219D4D000328C9 /* Sources */,
				059D47A523219D4D000328C9 /* Frameworks */,
				059D47A623219D4D000328C9 /* Resources */,
				057F4D9D233FE12000B05E4E /* Copy Carthage Frameworks */,
			);
			buildRules = (
			);
			dependencies = (
				059D47CA23219E9A000328C9 /* PBXTargetDependency */,
			);
			name = SwiftyKeychainKitTests;
			productName = Tests;
			productReference = 059D47A823219D4D000328C9 /* SwiftyKeychainKitTests.xctest */;
			productType = "com.apple.product-type.bundle.unit-test";
		};
		059D47B523219E39000328C9 /* SwiftyKeychainKitTestsHost */ = {
			isa = PBXNativeTarget;
			buildConfigurationList = 059D47C523219E3B000328C9 /* Build configuration list for PBXNativeTarget "SwiftyKeychainKitTestsHost" */;
			buildPhases = (
				059D47B223219E39000328C9 /* Sources */,
				059D47B323219E39000328C9 /* Frameworks */,
				059D47B423219E39000328C9 /* Resources */,
			);
			buildRules = (
			);
			dependencies = (
			);
			name = SwiftyKeychainKitTestsHost;
			productName = TestsHost;
			productReference = 059D47B623219E39000328C9 /* SwiftyKeychainKitTestsHost.app */;
			productType = "com.apple.product-type.application";
		};
		"SwiftyKeychain::SwiftyKeychain" /* SwiftyKeychainKit */ = {
			isa = PBXNativeTarget;
			buildConfigurationList = OBJ_17 /* Build configuration list for PBXNativeTarget "SwiftyKeychainKit" */;
			buildPhases = (
				OBJ_20 /* Sources */,
				OBJ_22 /* Frameworks */,
			);
			buildRules = (
			);
			dependencies = (
			);
			name = SwiftyKeychainKit;
			productName = SwiftyKeychain;
			productReference = "SwiftyKeychain::SwiftyKeychain::Product" /* SwiftyKeychainKit.framework */;
			productType = "com.apple.product-type.framework";
		};
/* End PBXNativeTarget section */

/* Begin PBXProject section */
		OBJ_1 /* Project object */ = {
			isa = PBXProject;
			attributes = {
				LastSwiftMigration = 9999;
				LastSwiftUpdateCheck = 1030;
				LastUpgradeCheck = 9999;
				TargetAttributes = {
					059D47A723219D4D000328C9 = {
						CreatedOnToolsVersion = 10.3;
						DevelopmentTeam = NS8HLGG733;
						ProvisioningStyle = Automatic;
						TestTargetID = 059D47B523219E39000328C9;
					};
					059D47B523219E39000328C9 = {
						CreatedOnToolsVersion = 10.3;
						DevelopmentTeam = NS8HLGG733;
						ProvisioningStyle = Automatic;
						SystemCapabilities = {
							com.apple.Keychain = {
								enabled = 1;
							};
						};
					};
					"SwiftyKeychain::SwiftyKeychain" = {
						ProvisioningStyle = Automatic;
					};
				};
			};
			buildConfigurationList = OBJ_2 /* Build configuration list for PBXProject "SwiftyKeychainKit" */;
			compatibilityVersion = "Xcode 3.2";
			developmentRegion = English;
			hasScannedForEncodings = 0;
			knownRegions = (
				English,
				en,
				Base,
			);
			mainGroup = OBJ_5;
			productRefGroup = OBJ_13 /* Products */;
			projectDirPath = "";
			projectRoot = "";
			targets = (
				"SwiftyKeychain::SwiftyKeychain" /* SwiftyKeychainKit */,
				059D47A723219D4D000328C9 /* SwiftyKeychainKitTests */,
				059D47B523219E39000328C9 /* SwiftyKeychainKitTestsHost */,
			);
		};
/* End PBXProject section */

/* Begin PBXResourcesBuildPhase section */
		059D47A623219D4D000328C9 /* Resources */ = {
			isa = PBXResourcesBuildPhase;
			buildActionMask = 2147483647;
			files = (
			);
			runOnlyForDeploymentPostprocessing = 0;
		};
		059D47B423219E39000328C9 /* Resources */ = {
			isa = PBXResourcesBuildPhase;
			buildActionMask = 2147483647;
			files = (
				05DB410823300A0800ED3C31 /* Assets.xcassets in Resources */,
			);
			runOnlyForDeploymentPostprocessing = 0;
		};
/* End PBXResourcesBuildPhase section */

/* Begin PBXShellScriptBuildPhase section */
		057F4D9D233FE12000B05E4E /* Copy Carthage Frameworks */ = {
			isa = PBXShellScriptBuildPhase;
			buildActionMask = 2147483647;
			files = (
			);
			inputFileListPaths = (
			);
			inputPaths = (
				"$(SRCROOT)/Carthage/Build/iOS/Quick.framework",
				"$(SRCROOT)/Carthage/Build/iOS/Nimble.framework",
			);
			name = "Copy Carthage Frameworks";
			outputFileListPaths = (
			);
			outputPaths = (
			);
			runOnlyForDeploymentPostprocessing = 0;
			shellPath = /bin/sh;
			shellScript = "/usr/local/bin/carthage copy-frameworks\n";
		};
/* End PBXShellScriptBuildPhase section */

/* Begin PBXSourcesBuildPhase section */
		059D47A423219D4D000328C9 /* Sources */ = {
			isa = PBXSourcesBuildPhase;
			buildActionMask = 2147483647;
			files = (
				057F4D94233FCEDD00B05E4E /* Keychain+String.swift in Sources */,
				057F4DA623411C1800B05E4E /* Keychain+Bool.swift in Sources */,
				05F90F9A2323DAD600E53A8B /* KeychainTests.swift in Sources */,
				05DB40FA232D491200ED3C31 /* KeychainEnumsSpec.swift in Sources */,
				057F4DAA2341202C00B05E4E /* Keychain+Codable.swift in Sources */,
				057B660B234270390092312D /* Constants.swift in Sources */,
				05DB4102232E5C9A00ED3C31 /* KeychainErrorTests.swift in Sources */,
				057F4D96233FD00800B05E4E /* SerializableSpec.swift in Sources */,
				057B6606234133870092312D /* KeychainSpec.swift in Sources */,
				057F4DAC23412B3800B05E4E /* Keychain+Archivable.swift in Sources */,
				057F4DA223411A9300B05E4E /* Keychain+Int.swift in Sources */,
				05DB40F8232D2E6500ED3C31 /* AttributeTests.swift in Sources */,
				0547CDA22348B77900729CA1 /* Keychain+Float.swift in Sources */,
				05275B81234CFAC600620FF9 /* Keychain+CustomType.swift in Sources */,
				057B6609234270020092312D /* Attribute+Equatable.swift in Sources */,
				057F4DA423411B3C00B05E4E /* Keychain+Double.swift in Sources */,
				057F4DA823411CDF00B05E4E /* Keychain+Data.swift in Sources */,
			);
			runOnlyForDeploymentPostprocessing = 0;
		};
		059D47B223219E39000328C9 /* Sources */ = {
			isa = PBXSourcesBuildPhase;
			buildActionMask = 2147483647;
			files = (
				05DB410923300A0800ED3C31 /* AppDelegate.swift in Sources */,
			);
			runOnlyForDeploymentPostprocessing = 0;
		};
		OBJ_20 /* Sources */ = {
			isa = PBXSourcesBuildPhase;
			buildActionMask = 0;
			files = (
				055848D32310633900FE1AD8 /* KeychainBridge.swift in Sources */,
				055848D123105F4600FE1AD8 /* KeychainSerializable.swift in Sources */,
				055848D523106B0400FE1AD8 /* Keychain.swift in Sources */,
				055848F923130E9F00FE1AD8 /* KeychainError.swift in Sources */,
			);
			runOnlyForDeploymentPostprocessing = 0;
		};
/* End PBXSourcesBuildPhase section */

/* Begin PBXTargetDependency section */
		059D47CA23219E9A000328C9 /* PBXTargetDependency */ = {
			isa = PBXTargetDependency;
			target = 059D47B523219E39000328C9 /* SwiftyKeychainKitTestsHost */;
			targetProxy = 059D47C923219E9A000328C9 /* PBXContainerItemProxy */;
		};
/* End PBXTargetDependency section */

/* Begin XCBuildConfiguration section */
		059D47AE23219D4D000328C9 /* Debug */ = {
			isa = XCBuildConfiguration;
			buildSettings = {
				ALWAYS_EMBED_SWIFT_STANDARD_LIBRARIES = YES;
				ALWAYS_SEARCH_USER_PATHS = NO;
				CLANG_ANALYZER_NONNULL = YES;
				CLANG_ANALYZER_NUMBER_OBJECT_CONVERSION = YES_AGGRESSIVE;
				CLANG_CXX_LANGUAGE_STANDARD = "gnu++14";
				CLANG_CXX_LIBRARY = "libc++";
				CLANG_ENABLE_MODULES = YES;
				CLANG_ENABLE_OBJC_WEAK = YES;
				CLANG_WARN_BLOCK_CAPTURE_AUTORELEASING = YES;
				CLANG_WARN_BOOL_CONVERSION = YES;
				CLANG_WARN_COMMA = YES;
				CLANG_WARN_CONSTANT_CONVERSION = YES;
				CLANG_WARN_DEPRECATED_OBJC_IMPLEMENTATIONS = YES;
				CLANG_WARN_DIRECT_OBJC_ISA_USAGE = YES_ERROR;
				CLANG_WARN_DOCUMENTATION_COMMENTS = YES;
				CLANG_WARN_EMPTY_BODY = YES;
				CLANG_WARN_ENUM_CONVERSION = YES;
				CLANG_WARN_INFINITE_RECURSION = YES;
				CLANG_WARN_INT_CONVERSION = YES;
				CLANG_WARN_NON_LITERAL_NULL_CONVERSION = YES;
				CLANG_WARN_OBJC_IMPLICIT_RETAIN_SELF = YES;
				CLANG_WARN_OBJC_LITERAL_CONVERSION = YES;
				CLANG_WARN_OBJC_ROOT_CLASS = YES_ERROR;
				CLANG_WARN_RANGE_LOOP_ANALYSIS = YES;
				CLANG_WARN_STRICT_PROTOTYPES = YES;
				CLANG_WARN_SUSPICIOUS_MOVE = YES;
				CLANG_WARN_UNGUARDED_AVAILABILITY = YES_AGGRESSIVE;
				CLANG_WARN_UNREACHABLE_CODE = YES;
				CLANG_WARN__DUPLICATE_METHOD_MATCH = YES;
				CODE_SIGN_IDENTITY = "iPhone Developer";
				CODE_SIGN_STYLE = Automatic;
				DEVELOPMENT_TEAM = NS8HLGG733;
				ENABLE_STRICT_OBJC_MSGSEND = YES;
				ENABLE_TESTABILITY = YES;
				FRAMEWORK_SEARCH_PATHS = (
					"$(inherited)",
					"$(PROJECT_DIR)/Carthage/Build/iOS",
				);
				GCC_C_LANGUAGE_STANDARD = gnu11;
				GCC_DYNAMIC_NO_PIC = NO;
				GCC_NO_COMMON_BLOCKS = YES;
				GCC_PREPROCESSOR_DEFINITIONS = (
					"DEBUG=1",
					"$(inherited)",
				);
				GCC_WARN_64_TO_32_BIT_CONVERSION = YES;
				GCC_WARN_ABOUT_RETURN_TYPE = YES_ERROR;
				GCC_WARN_UNDECLARED_SELECTOR = YES;
				GCC_WARN_UNINITIALIZED_AUTOS = YES_AGGRESSIVE;
				GCC_WARN_UNUSED_FUNCTION = YES;
				GCC_WARN_UNUSED_VARIABLE = YES;
				INFOPLIST_FILE = "Tests/Supporting Files/Info.plist";
				IPHONEOS_DEPLOYMENT_TARGET = 8.0;
				LD_RUNPATH_SEARCH_PATHS = "$(inherited) @executable_path/Frameworks @loader_path/Frameworks";
				MTL_ENABLE_DEBUG_INFO = INCLUDE_SOURCE;
				MTL_FAST_MATH = YES;
				PRODUCT_BUNDLE_IDENTIFIER = com.swifty.keychain.tests.Tests;
				PRODUCT_NAME = "$(TARGET_NAME)";
				SDKROOT = iphoneos;
				SWIFT_ACTIVE_COMPILATION_CONDITIONS = DEBUG;
				SWIFT_VERSION = 5.0;
				TARGETED_DEVICE_FAMILY = "1,2";
				TEST_HOST = "$(BUILT_PRODUCTS_DIR)/SwiftyKeychainKitTestsHost.app/SwiftyKeychainKitTestsHost";
			};
			name = Debug;
		};
		059D47AF23219D4D000328C9 /* Release */ = {
			isa = XCBuildConfiguration;
			buildSettings = {
				ALWAYS_EMBED_SWIFT_STANDARD_LIBRARIES = YES;
				ALWAYS_SEARCH_USER_PATHS = NO;
				CLANG_ANALYZER_NONNULL = YES;
				CLANG_ANALYZER_NUMBER_OBJECT_CONVERSION = YES_AGGRESSIVE;
				CLANG_CXX_LANGUAGE_STANDARD = "gnu++14";
				CLANG_CXX_LIBRARY = "libc++";
				CLANG_ENABLE_MODULES = YES;
				CLANG_ENABLE_OBJC_WEAK = YES;
				CLANG_WARN_BLOCK_CAPTURE_AUTORELEASING = YES;
				CLANG_WARN_BOOL_CONVERSION = YES;
				CLANG_WARN_COMMA = YES;
				CLANG_WARN_CONSTANT_CONVERSION = YES;
				CLANG_WARN_DEPRECATED_OBJC_IMPLEMENTATIONS = YES;
				CLANG_WARN_DIRECT_OBJC_ISA_USAGE = YES_ERROR;
				CLANG_WARN_DOCUMENTATION_COMMENTS = YES;
				CLANG_WARN_EMPTY_BODY = YES;
				CLANG_WARN_ENUM_CONVERSION = YES;
				CLANG_WARN_INFINITE_RECURSION = YES;
				CLANG_WARN_INT_CONVERSION = YES;
				CLANG_WARN_NON_LITERAL_NULL_CONVERSION = YES;
				CLANG_WARN_OBJC_IMPLICIT_RETAIN_SELF = YES;
				CLANG_WARN_OBJC_LITERAL_CONVERSION = YES;
				CLANG_WARN_OBJC_ROOT_CLASS = YES_ERROR;
				CLANG_WARN_RANGE_LOOP_ANALYSIS = YES;
				CLANG_WARN_STRICT_PROTOTYPES = YES;
				CLANG_WARN_SUSPICIOUS_MOVE = YES;
				CLANG_WARN_UNGUARDED_AVAILABILITY = YES_AGGRESSIVE;
				CLANG_WARN_UNREACHABLE_CODE = YES;
				CLANG_WARN__DUPLICATE_METHOD_MATCH = YES;
				CODE_SIGN_IDENTITY = "iPhone Developer";
				CODE_SIGN_STYLE = Automatic;
				COPY_PHASE_STRIP = NO;
				DEVELOPMENT_TEAM = NS8HLGG733;
				ENABLE_NS_ASSERTIONS = NO;
				ENABLE_STRICT_OBJC_MSGSEND = YES;
				FRAMEWORK_SEARCH_PATHS = (
					"$(inherited)",
					"$(PROJECT_DIR)/Carthage/Build/iOS",
				);
				GCC_C_LANGUAGE_STANDARD = gnu11;
				GCC_NO_COMMON_BLOCKS = YES;
				GCC_WARN_64_TO_32_BIT_CONVERSION = YES;
				GCC_WARN_ABOUT_RETURN_TYPE = YES_ERROR;
				GCC_WARN_UNDECLARED_SELECTOR = YES;
				GCC_WARN_UNINITIALIZED_AUTOS = YES_AGGRESSIVE;
				GCC_WARN_UNUSED_FUNCTION = YES;
				GCC_WARN_UNUSED_VARIABLE = YES;
				INFOPLIST_FILE = "Tests/Supporting Files/Info.plist";
				IPHONEOS_DEPLOYMENT_TARGET = 8.0;
				LD_RUNPATH_SEARCH_PATHS = "$(inherited) @executable_path/Frameworks @loader_path/Frameworks";
				MTL_ENABLE_DEBUG_INFO = NO;
				MTL_FAST_MATH = YES;
				PRODUCT_BUNDLE_IDENTIFIER = com.swifty.keychain.tests.Tests;
				PRODUCT_NAME = "$(TARGET_NAME)";
				SDKROOT = iphoneos;
				SWIFT_VERSION = 5.0;
				TARGETED_DEVICE_FAMILY = "1,2";
				TEST_HOST = "$(BUILT_PRODUCTS_DIR)/SwiftyKeychainKitTestsHost.app/SwiftyKeychainKitTestsHost";
				VALIDATE_PRODUCT = YES;
			};
			name = Release;
		};
		059D47C623219E3B000328C9 /* Debug */ = {
			isa = XCBuildConfiguration;
			buildSettings = {
				ALWAYS_SEARCH_USER_PATHS = NO;
				ASSETCATALOG_COMPILER_APPICON_NAME = AppIcon;
				CLANG_ANALYZER_NONNULL = YES;
				CLANG_ANALYZER_NUMBER_OBJECT_CONVERSION = YES_AGGRESSIVE;
				CLANG_CXX_LANGUAGE_STANDARD = "gnu++14";
				CLANG_CXX_LIBRARY = "libc++";
				CLANG_ENABLE_MODULES = YES;
				CLANG_ENABLE_OBJC_WEAK = YES;
				CLANG_WARN_BLOCK_CAPTURE_AUTORELEASING = YES;
				CLANG_WARN_BOOL_CONVERSION = YES;
				CLANG_WARN_COMMA = YES;
				CLANG_WARN_CONSTANT_CONVERSION = YES;
				CLANG_WARN_DEPRECATED_OBJC_IMPLEMENTATIONS = YES;
				CLANG_WARN_DIRECT_OBJC_ISA_USAGE = YES_ERROR;
				CLANG_WARN_DOCUMENTATION_COMMENTS = YES;
				CLANG_WARN_EMPTY_BODY = YES;
				CLANG_WARN_ENUM_CONVERSION = YES;
				CLANG_WARN_INFINITE_RECURSION = YES;
				CLANG_WARN_INT_CONVERSION = YES;
				CLANG_WARN_NON_LITERAL_NULL_CONVERSION = YES;
				CLANG_WARN_OBJC_IMPLICIT_RETAIN_SELF = YES;
				CLANG_WARN_OBJC_LITERAL_CONVERSION = YES;
				CLANG_WARN_OBJC_ROOT_CLASS = YES_ERROR;
				CLANG_WARN_RANGE_LOOP_ANALYSIS = YES;
				CLANG_WARN_STRICT_PROTOTYPES = YES;
				CLANG_WARN_SUSPICIOUS_MOVE = YES;
				CLANG_WARN_UNGUARDED_AVAILABILITY = YES_AGGRESSIVE;
				CLANG_WARN_UNREACHABLE_CODE = YES;
				CLANG_WARN__DUPLICATE_METHOD_MATCH = YES;
				CODE_SIGN_ENTITLEMENTS = Tests/TestsHost/TestsHost.entitlements;
				CODE_SIGN_IDENTITY = "iPhone Developer";
				CODE_SIGN_STYLE = Automatic;
				DEVELOPMENT_TEAM = NS8HLGG733;
				ENABLE_STRICT_OBJC_MSGSEND = YES;
				ENABLE_TESTABILITY = YES;
				GCC_C_LANGUAGE_STANDARD = gnu11;
				GCC_DYNAMIC_NO_PIC = NO;
				GCC_NO_COMMON_BLOCKS = YES;
				GCC_PREPROCESSOR_DEFINITIONS = (
					"DEBUG=1",
					"$(inherited)",
				);
				GCC_WARN_64_TO_32_BIT_CONVERSION = YES;
				GCC_WARN_ABOUT_RETURN_TYPE = YES_ERROR;
				GCC_WARN_UNDECLARED_SELECTOR = YES;
				GCC_WARN_UNINITIALIZED_AUTOS = YES_AGGRESSIVE;
				GCC_WARN_UNUSED_FUNCTION = YES;
				GCC_WARN_UNUSED_VARIABLE = YES;
				INFOPLIST_FILE = "$(SRCROOT)/Tests/TestsHost/Info.plist";
				IPHONEOS_DEPLOYMENT_TARGET = 8.0;
				LD_RUNPATH_SEARCH_PATHS = "$(inherited) @executable_path/Frameworks";
				MTL_ENABLE_DEBUG_INFO = INCLUDE_SOURCE;
				MTL_FAST_MATH = YES;
				PRODUCT_BUNDLE_IDENTIFIER = com.swifty.keychain.tests.host.TestsHost;
				PRODUCT_NAME = "$(TARGET_NAME)";
				SDKROOT = iphoneos;
				SWIFT_ACTIVE_COMPILATION_CONDITIONS = DEBUG;
				SWIFT_VERSION = 5.0;
				TARGETED_DEVICE_FAMILY = "1,2";
			};
			name = Debug;
		};
		059D47C723219E3B000328C9 /* Release */ = {
			isa = XCBuildConfiguration;
			buildSettings = {
				ALWAYS_SEARCH_USER_PATHS = NO;
				ASSETCATALOG_COMPILER_APPICON_NAME = AppIcon;
				CLANG_ANALYZER_NONNULL = YES;
				CLANG_ANALYZER_NUMBER_OBJECT_CONVERSION = YES_AGGRESSIVE;
				CLANG_CXX_LANGUAGE_STANDARD = "gnu++14";
				CLANG_CXX_LIBRARY = "libc++";
				CLANG_ENABLE_MODULES = YES;
				CLANG_ENABLE_OBJC_WEAK = YES;
				CLANG_WARN_BLOCK_CAPTURE_AUTORELEASING = YES;
				CLANG_WARN_BOOL_CONVERSION = YES;
				CLANG_WARN_COMMA = YES;
				CLANG_WARN_CONSTANT_CONVERSION = YES;
				CLANG_WARN_DEPRECATED_OBJC_IMPLEMENTATIONS = YES;
				CLANG_WARN_DIRECT_OBJC_ISA_USAGE = YES_ERROR;
				CLANG_WARN_DOCUMENTATION_COMMENTS = YES;
				CLANG_WARN_EMPTY_BODY = YES;
				CLANG_WARN_ENUM_CONVERSION = YES;
				CLANG_WARN_INFINITE_RECURSION = YES;
				CLANG_WARN_INT_CONVERSION = YES;
				CLANG_WARN_NON_LITERAL_NULL_CONVERSION = YES;
				CLANG_WARN_OBJC_IMPLICIT_RETAIN_SELF = YES;
				CLANG_WARN_OBJC_LITERAL_CONVERSION = YES;
				CLANG_WARN_OBJC_ROOT_CLASS = YES_ERROR;
				CLANG_WARN_RANGE_LOOP_ANALYSIS = YES;
				CLANG_WARN_STRICT_PROTOTYPES = YES;
				CLANG_WARN_SUSPICIOUS_MOVE = YES;
				CLANG_WARN_UNGUARDED_AVAILABILITY = YES_AGGRESSIVE;
				CLANG_WARN_UNREACHABLE_CODE = YES;
				CLANG_WARN__DUPLICATE_METHOD_MATCH = YES;
				CODE_SIGN_ENTITLEMENTS = Tests/TestsHost/TestsHost.entitlements;
				CODE_SIGN_IDENTITY = "iPhone Developer";
				CODE_SIGN_STYLE = Automatic;
				COPY_PHASE_STRIP = NO;
				DEVELOPMENT_TEAM = NS8HLGG733;
				ENABLE_NS_ASSERTIONS = NO;
				ENABLE_STRICT_OBJC_MSGSEND = YES;
				GCC_C_LANGUAGE_STANDARD = gnu11;
				GCC_NO_COMMON_BLOCKS = YES;
				GCC_WARN_64_TO_32_BIT_CONVERSION = YES;
				GCC_WARN_ABOUT_RETURN_TYPE = YES_ERROR;
				GCC_WARN_UNDECLARED_SELECTOR = YES;
				GCC_WARN_UNINITIALIZED_AUTOS = YES_AGGRESSIVE;
				GCC_WARN_UNUSED_FUNCTION = YES;
				GCC_WARN_UNUSED_VARIABLE = YES;
				INFOPLIST_FILE = "$(SRCROOT)/Tests/TestsHost/Info.plist";
				IPHONEOS_DEPLOYMENT_TARGET = 8.0;
				LD_RUNPATH_SEARCH_PATHS = "$(inherited) @executable_path/Frameworks";
				MTL_ENABLE_DEBUG_INFO = NO;
				MTL_FAST_MATH = YES;
				PRODUCT_BUNDLE_IDENTIFIER = com.swifty.keychain.tests.host.TestsHost;
				PRODUCT_NAME = "$(TARGET_NAME)";
				SDKROOT = iphoneos;
				SWIFT_VERSION = 5.0;
				TARGETED_DEVICE_FAMILY = "1,2";
				VALIDATE_PRODUCT = YES;
			};
			name = Release;
		};
		OBJ_18 /* Debug */ = {
			isa = XCBuildConfiguration;
			buildSettings = {
				CODE_SIGN_IDENTITY = "Mac Developer";
				CODE_SIGN_STYLE = Automatic;
				DEVELOPMENT_TEAM = "";
				ENABLE_TESTABILITY = YES;
				FRAMEWORK_SEARCH_PATHS = (
					"$(inherited)",
					"$(PLATFORM_DIR)/Developer/Library/Frameworks",
				);
				HEADER_SEARCH_PATHS = "$(inherited)";
				IPHONEOS_DEPLOYMENT_TARGET = 8.0;
				LD_RUNPATH_SEARCH_PATHS = "$(inherited) $(TOOLCHAIN_DIR)/usr/lib/swift/macosx";
				MACOSX_DEPLOYMENT_TARGET = 10.10;
				OTHER_CFLAGS = "$(inherited)";
				OTHER_LDFLAGS = "$(inherited)";
				OTHER_SWIFT_FLAGS = "$(inherited)";
				PRODUCT_BUNDLE_IDENTIFIER = SwiftyKeychainKit;
				PRODUCT_MODULE_NAME = "$(TARGET_NAME:c99extidentifier)";
				PRODUCT_NAME = "$(TARGET_NAME:c99extidentifier)";
				PROVISIONING_PROFILE_SPECIFIER = "";
				SKIP_INSTALL = YES;
				SWIFT_ACTIVE_COMPILATION_CONDITIONS = "$(inherited)";
				SWIFT_VERSION = 5.0;
				TARGET_NAME = SwiftyKeychainKit;
				TVOS_DEPLOYMENT_TARGET = 9.0;
				WATCHOS_DEPLOYMENT_TARGET = 2.0;
			};
			name = Debug;
		};
		OBJ_19 /* Release */ = {
			isa = XCBuildConfiguration;
			buildSettings = {
				CODE_SIGN_IDENTITY = "Mac Developer";
				CODE_SIGN_STYLE = Automatic;
				DEVELOPMENT_TEAM = "";
				ENABLE_TESTABILITY = YES;
				FRAMEWORK_SEARCH_PATHS = (
					"$(inherited)",
					"$(PLATFORM_DIR)/Developer/Library/Frameworks",
				);
				HEADER_SEARCH_PATHS = "$(inherited)";
				IPHONEOS_DEPLOYMENT_TARGET = 8.0;
				LD_RUNPATH_SEARCH_PATHS = "$(inherited) $(TOOLCHAIN_DIR)/usr/lib/swift/macosx";
				MACOSX_DEPLOYMENT_TARGET = 10.10;
				OTHER_CFLAGS = "$(inherited)";
				OTHER_LDFLAGS = "$(inherited)";
				OTHER_SWIFT_FLAGS = "$(inherited)";
				PRODUCT_BUNDLE_IDENTIFIER = SwiftyKeychainKit;
				PRODUCT_MODULE_NAME = "$(TARGET_NAME:c99extidentifier)";
				PRODUCT_NAME = "$(TARGET_NAME:c99extidentifier)";
				PROVISIONING_PROFILE_SPECIFIER = "";
				SKIP_INSTALL = YES;
				SWIFT_ACTIVE_COMPILATION_CONDITIONS = "$(inherited)";
				SWIFT_VERSION = 5.0;
				TARGET_NAME = SwiftyKeychainKit;
				TVOS_DEPLOYMENT_TARGET = 9.0;
				WATCHOS_DEPLOYMENT_TARGET = 2.0;
			};
			name = Release;
		};
		OBJ_3 /* Debug */ = {
			isa = XCBuildConfiguration;
			buildSettings = {
				CLANG_ENABLE_OBJC_ARC = YES;
				COMBINE_HIDPI_IMAGES = YES;
				COPY_PHASE_STRIP = NO;
				DEBUG_INFORMATION_FORMAT = dwarf;
				DYLIB_INSTALL_NAME_BASE = "@rpath";
				ENABLE_NS_ASSERTIONS = YES;
				GCC_OPTIMIZATION_LEVEL = 0;
				GCC_PREPROCESSOR_DEFINITIONS = (
					"$(inherited)",
					"SWIFT_PACKAGE=1",
					"DEBUG=1",
				);
				MACOSX_DEPLOYMENT_TARGET = 10.10;
				ONLY_ACTIVE_ARCH = YES;
				OTHER_SWIFT_FLAGS = "-DXcode";
				PRODUCT_NAME = "$(TARGET_NAME)";
				SDKROOT = macosx;
				SUPPORTED_PLATFORMS = "macosx iphoneos iphonesimulator appletvos appletvsimulator watchos watchsimulator";
				SWIFT_ACTIVE_COMPILATION_CONDITIONS = "$(inherited) SWIFT_PACKAGE DEBUG";
				SWIFT_OPTIMIZATION_LEVEL = "-Onone";
				USE_HEADERMAP = NO;
			};
			name = Debug;
		};
		OBJ_4 /* Release */ = {
			isa = XCBuildConfiguration;
			buildSettings = {
				CLANG_ENABLE_OBJC_ARC = YES;
				COMBINE_HIDPI_IMAGES = YES;
				COPY_PHASE_STRIP = YES;
				DEBUG_INFORMATION_FORMAT = "dwarf-with-dsym";
				DYLIB_INSTALL_NAME_BASE = "@rpath";
				GCC_OPTIMIZATION_LEVEL = s;
				GCC_PREPROCESSOR_DEFINITIONS = (
					"$(inherited)",
					"SWIFT_PACKAGE=1",
				);
				MACOSX_DEPLOYMENT_TARGET = 10.10;
				OTHER_SWIFT_FLAGS = "-DXcode";
				PRODUCT_NAME = "$(TARGET_NAME)";
				SDKROOT = macosx;
				SUPPORTED_PLATFORMS = "macosx iphoneos iphonesimulator appletvos appletvsimulator watchos watchsimulator";
				SWIFT_ACTIVE_COMPILATION_CONDITIONS = "$(inherited) SWIFT_PACKAGE";
				SWIFT_OPTIMIZATION_LEVEL = "-Owholemodule";
				USE_HEADERMAP = NO;
			};
			name = Release;
		};
/* End XCBuildConfiguration section */

/* Begin XCConfigurationList section */
		059D47AD23219D4D000328C9 /* Build configuration list for PBXNativeTarget "SwiftyKeychainKitTests" */ = {
			isa = XCConfigurationList;
			buildConfigurations = (
				059D47AE23219D4D000328C9 /* Debug */,
				059D47AF23219D4D000328C9 /* Release */,
			);
			defaultConfigurationIsVisible = 0;
			defaultConfigurationName = Release;
		};
		059D47C523219E3B000328C9 /* Build configuration list for PBXNativeTarget "SwiftyKeychainKitTestsHost" */ = {
			isa = XCConfigurationList;
			buildConfigurations = (
				059D47C623219E3B000328C9 /* Debug */,
				059D47C723219E3B000328C9 /* Release */,
			);
			defaultConfigurationIsVisible = 0;
			defaultConfigurationName = Release;
		};
		OBJ_17 /* Build configuration list for PBXNativeTarget "SwiftyKeychainKit" */ = {
			isa = XCConfigurationList;
			buildConfigurations = (
				OBJ_18 /* Debug */,
				OBJ_19 /* Release */,
			);
			defaultConfigurationIsVisible = 0;
			defaultConfigurationName = Release;
		};
		OBJ_2 /* Build configuration list for PBXProject "SwiftyKeychainKit" */ = {
			isa = XCConfigurationList;
			buildConfigurations = (
				OBJ_3 /* Debug */,
				OBJ_4 /* Release */,
			);
			defaultConfigurationIsVisible = 0;
			defaultConfigurationName = Release;
		};
/* End XCConfigurationList section */
	};
	rootObject = OBJ_1 /* Project object */;
}
